
Microsoft Visual Studio Solution File, Format Version 12.00
# Visual Studio 15
VisualStudioVersion = 15.0.27703.2042
MinimumVisualStudioVersion = 10.0.40219.1
Project("{FAE04EC0-301F-11D3-BF4B-00C04F79EFBC}") = "LongComPref1", "LongComPref1\LongComPref1.csproj", "{EB5DE1EE-8A36-4379-B1BB-7CB29BA1CAA5}"
EndProject
Global
	GlobalSection(SolutionConfigurationPlatforms) = preSolution
		Debug|Any CPU = Debug|Any CPU
		Release|Any CPU = Release|Any CPU
	EndGlobalSection
	GlobalSection(ProjectConfigurationPlatforms) = postSolution
		{EB5DE1EE-8A36-4379-B1BB-7CB29BA1CAA5}.Debug|Any CPU.ActiveCfg = Debug|Any CPU
		{EB5DE1EE-8A36-4379-B1BB-7CB29BA1CAA5}.Debug|Any CPU.Build.0 = Debug|Any CPU
		{EB5DE1EE-8A36-4379-B1BB-7CB29BA1CAA5}.Release|Any CPU.ActiveCfg = Release|Any CPU
		{EB5DE1EE-8A36-4379-B1BB-7CB29BA1CAA5}.Release|Any CPU.Build.0 = Release|Any CPU
	EndGlobalSection
	GlobalSection(SolutionProperties) = preSolution
		HideSolutionNode = FALSE
	EndGlobalSection
	GlobalSection(ExtensibilityGlobals) = postSolution
		SolutionGuid = {991E7BE4-91F9-4603-8D80-753E3C245884}
	EndGlobalSection
EndGlobal
